<?xml version="1.0" encoding="UTF-8" standalone="yes" ?>
<CodeBlocks_project_file>
	<FileVersion major="1" minor="6" />
	<Project>
		<Option title="sudoku" />
		<Option pch_mode="2" />
		<Option compiler="gcc" />
		<Build>
			<Target title="Debug">
				<Option output="bin/Debug/sudoku" prefix_auto="1" extension_auto="1" />
				<Option object_output="obj/Debug/" />
				<Option type="1" />
				<Option compiler="gcc" />
				<Compiler>
					<Add option="-g" />
				</Compiler>
			</Target>
			<Target title="Release">
				<Option output="bin/Release/sudoku" prefix_auto="1" extension_auto="1" />
				<Option object_output="obj/Release/" />
				<Option type="1" />
				<Option compiler="gcc" />
				<Compiler>
					<Add option="-O2" />
				</Compiler>
				<Linker>
					<Add option="-s" />
				</Linker>
			</Target>
		</Build>
		<Compiler>
			<Add option="-Wall" />
		</Compiler>
		<Unit filename="generator/generate.c">
			<Option compilerVar="CC" />
		</Unit>
		<Unit filename="generator/generate_diagonal.c">
			<Option compilerVar="CC" />
		</Unit>
		<Unit filename="generator/generate_square.c">
			<Option compilerVar="CC" />
		</Unit>
		<Unit filename="generator/generator.h" />
		<Unit filename="grid/grid.h" />
		<Unit filename="grid/grid_destroy.c">
			<Option compilerVar="CC" />
		</Unit>
		<Unit filename="grid/grid_get.c">
			<Option compilerVar="CC" />
		</Unit>
		<Unit filename="grid/grid_print.c">
			<Option compilerVar="CC" />
		</Unit>
		<Unit filename="main.c">
			<Option compilerVar="CC" />
		</Unit>
		<Unit filename="matrix/cell_get_square.c">
			<Option compilerVar="CC" />
		</Unit>
		<Unit filename="matrix/cell_get_status.c">
			<Option compilerVar="CC" />
		</Unit>
		<Unit filename="matrix/has.c">
			<Option compilerVar="CC" />
		</Unit>
		<Unit filename="matrix/matrix.c">
			<Option compilerVar="CC" />
		</Unit>
		<Unit filename="matrix/matrix.h" />
		<Unit filename="matrix/matrix_create.c">
			<Option compilerVar="CC" />
		</Unit>
		<Unit filename="matrix/matrix_destroy.c">
			<Option compilerVar="CC" />
		</Unit>
		<Unit filename="matrix/matrix_get.c">
			<Option compilerVar="CC" />
		</Unit>
		<Unit filename="matrix/matrix_print.c">
			<Option compilerVar="CC" />
		</Unit>
		<Unit filename="matrix/matrix_set.c">
			<Option compilerVar="CC" />
		</Unit>
		<Unit filename="matrix/validate_pos.c">
			<Option compilerVar="CC" />
		</Unit>
		<Unit filename="random.c">
			<Option compilerVar="CC" />
		</Unit>
		<Unit filename="solver/solve.c">
			<Option compilerVar="CC" />
		</Unit>
		<Unit filename="solver/solver.h" />
		<Unit filename="solver/stack.c">
			<Option compilerVar="CC" />
		</Unit>
		<Unit filename="sudoku.h" />
		<Extensions />
	</Project>
</CodeBlocks_project_file>
